
Microsoft Visual Studio Solution File, Format Version 12.00
# Visual Studio Version 17
VisualStudioVersion = 17.2.32210.308
MinimumVisualStudioVersion = 10.0.40219.1
Project("{FAE04EC0-301F-11D3-BF4B-00C04F79EFBC}") = "bpn-test-sso-netfwork-webform-1", "bpn-test-sso-netfwork-webform-1\bpn-test-sso-netfwork-webform-1.csproj", "{C2C58938-811E-490E-A150-A0E17CB33A1C}"
EndProject
Global
	GlobalSection(SolutionConfigurationPlatforms) = preSolution
		Debug|Any CPU = Debug|Any CPU
		Release|Any CPU = Release|Any CPU
	EndGlobalSection
	GlobalSection(ProjectConfigurationPlatforms) = postSolution
		{C2C58938-811E-490E-A150-A0E17CB33A1C}.Debug|Any CPU.ActiveCfg = Debug|Any CPU
		{C2C58938-811E-490E-A150-A0E17CB33A1C}.Debug|Any CPU.Build.0 = Debug|Any CPU
		{C2C58938-811E-490E-A150-A0E17CB33A1C}.Release|Any CPU.ActiveCfg = Release|Any CPU
		{C2C58938-811E-490E-A150-A0E17CB33A1C}.Release|Any CPU.Build.0 = Release|Any CPU
	EndGlobalSection
	GlobalSection(SolutionProperties) = preSolution
		HideSolutionNode = FALSE
	EndGlobalSection
	GlobalSection(ExtensibilityGlobals) = postSolution
		SolutionGuid = {488CB4B9-98B8-4271-9A29-00526AE69EA1}
	EndGlobalSection
EndGlobal
